{
  "projects": [
    {
      "projectId": "9Ez6vNhJFQ69LZL2fp9zzt",
      "version": "latest",
      "dependencies": {},
      "lang": "ts",
      "fileLocks": [
        {
          "type": "globalVariant",
          "assetId": "5qkJqxoojn",
          "checksum": "3879c4811691173235fefeb12b683686"
        },
        {
          "type": "renderModule",
          "assetId": "LQlkDGVAm0",
          "checksum": "32b0e1efc1ae65e359d13702b2ddb3c2"
        },
        {
          "type": "cssRules",
          "assetId": "LQlkDGVAm0",
          "checksum": "32b0e1efc1ae65e359d13702b2ddb3c2"
        },
        {
          "type": "renderModule",
          "assetId": "Q4FuTUtyUw",
          "checksum": "b11dbf7097b3e04c3a81555044c57041"
        },
        {
          "type": "cssRules",
          "assetId": "Q4FuTUtyUw",
          "checksum": "b11dbf7097b3e04c3a81555044c57041"
        },
        {
          "type": "renderModule",
          "assetId": "NBlm1ynek6",
          "checksum": "2008279b4bf7586e347b3f0d17436cea"
        },
        {
          "type": "cssRules",
          "assetId": "NBlm1ynek6",
          "checksum": "2008279b4bf7586e347b3f0d17436cea"
        },
        {
          "type": "renderModule",
          "assetId": "8ONy9gxX3F",
          "checksum": "8672cedf7b025563c45abf3f56ce1e3d"
        },
        {
          "type": "cssRules",
          "assetId": "8ONy9gxX3F",
          "checksum": "8672cedf7b025563c45abf3f56ce1e3d"
        },
        {
          "assetId": "9Ez6vNhJFQ69LZL2fp9zzt",
          "type": "projectCss",
          "checksum": "a8af2c407b9599002e1c550977941dbd"
        },
        {
          "type": "icon",
          "assetId": "mBYeY6JqC_",
          "checksum": "b8aefc09697e530ac12eb19ef0981a32"
        },
        {
          "type": "icon",
          "assetId": "aBGSp_MyC8",
          "checksum": "99cf0a0badeb6af7ff20343c3e94cdc3"
        },
        {
          "type": "icon",
          "assetId": "yn3JsO7JRf",
          "checksum": "3026d348096787ba393a29e135fb0218"
        },
        {
          "type": "icon",
          "assetId": "DIcOqc7ccT",
          "checksum": "997c1a4908744feae150f1699350d4d3"
        }
      ]
    }
  ],
  "cliVersion": "0.1.162"
}
